
Microsoft Visual Studio Solution File, Format Version 12.00
# Visual Studio Version 17
VisualStudioVersion = 17.0.31903.59
MinimumVisualStudioVersion = 10.0.40219.1
Project("{2150E333-8FDC-42A3-9474-1A3956D46DE8}") = "src", "src", "{827E0CD3-B72D-47B6-A68D-7590B98EB39B}"
EndProject
Project("{FAE04EC0-301F-11D3-BF4B-00C04F79EFBC}") = "Elio.Api", "src\Elio.Api\Elio.Api.csproj", "{62BAFEEA-3BAF-4199-8FB4-FF168889C92B}"
EndProject
Project("{FAE04EC0-301F-11D3-BF4B-00C04F79EFBC}") = "Elio.Application", "src\Elio.Application\Elio.Application.csproj", "{641CC482-31DE-4EF5-9180-08F182ED06A1}"
EndProject
Project("{FAE04EC0-301F-11D3-BF4B-00C04F79EFBC}") = "Elio.Domain", "src\Elio.Domain\Elio.Domain.csproj", "{E210782C-094B-495A-B4B3-EE0C8A6AFE08}"
EndProject
Project("{FAE04EC0-301F-11D3-BF4B-00C04F79EFBC}") = "Elio.Infrastructure", "src\Elio.Infrastructure\Elio.Infrastructure.csproj", "{D1D66E81-1A61-40AA-A322-02B175EC8B27}"
EndProject
Project("{2150E333-8FDC-42A3-9474-1A3956D46DE8}") = "tests", "tests", "{0AB3BF05-4346-4AA6-1389-037BE0695223}"
EndProject
Project("{FAE04EC0-301F-11D3-BF4B-00C04F79EFBC}") = "Elio.ArchitectureTests", "tests\Elio.ArchitectureTests\Elio.ArchitectureTests.csproj", "{8C95DFA7-FDD0-45AC-AF3D-3E5DBC520207}"
EndProject
Project("{FAE04EC0-301F-11D3-BF4B-00C04F79EFBC}") = "Elio.IntegrationTests", "tests\Elio.IntegrationTests\Elio.IntegrationTests.csproj", "{6B39FF44-8113-4B37-958E-16B28242556D}"
EndProject
Project("{FAE04EC0-301F-11D3-BF4B-00C04F79EFBC}") = "Elio.UnitTests", "tests\Elio.UnitTests\Elio.UnitTests.csproj", "{C1A4564E-D284-439D-8278-E405CF93E988}"
EndProject
Global
	GlobalSection(SolutionConfigurationPlatforms) = preSolution
		Debug|Any CPU = Debug|Any CPU
		Debug|x64 = Debug|x64
		Debug|x86 = Debug|x86
		Release|Any CPU = Release|Any CPU
		Release|x64 = Release|x64
		Release|x86 = Release|x86
	EndGlobalSection
	GlobalSection(ProjectConfigurationPlatforms) = postSolution
		{62BAFEEA-3BAF-4199-8FB4-FF168889C92B}.Debug|Any CPU.ActiveCfg = Debug|Any CPU
		{62BAFEEA-3BAF-4199-8FB4-FF168889C92B}.Debug|Any CPU.Build.0 = Debug|Any CPU
		{62BAFEEA-3BAF-4199-8FB4-FF168889C92B}.Debug|x64.ActiveCfg = Debug|Any CPU
		{62BAFEEA-3BAF-4199-8FB4-FF168889C92B}.Debug|x64.Build.0 = Debug|Any CPU
		{62BAFEEA-3BAF-4199-8FB4-FF168889C92B}.Debug|x86.ActiveCfg = Debug|Any CPU
		{62BAFEEA-3BAF-4199-8FB4-FF168889C92B}.Debug|x86.Build.0 = Debug|Any CPU
		{62BAFEEA-3BAF-4199-8FB4-FF168889C92B}.Release|Any CPU.ActiveCfg = Release|Any CPU
		{62BAFEEA-3BAF-4199-8FB4-FF168889C92B}.Release|Any CPU.Build.0 = Release|Any CPU
		{62BAFEEA-3BAF-4199-8FB4-FF168889C92B}.Release|x64.ActiveCfg = Release|Any CPU
		{62BAFEEA-3BAF-4199-8FB4-FF168889C92B}.Release|x64.Build.0 = Release|Any CPU
		{62BAFEEA-3BAF-4199-8FB4-FF168889C92B}.Release|x86.ActiveCfg = Release|Any CPU
		{62BAFEEA-3BAF-4199-8FB4-FF168889C92B}.Release|x86.Build.0 = Release|Any CPU
		{641CC482-31DE-4EF5-9180-08F182ED06A1}.Debug|Any CPU.ActiveCfg = Debug|Any CPU
		{641CC482-31DE-4EF5-9180-08F182ED06A1}.Debug|Any CPU.Build.0 = Debug|Any CPU
		{641CC482-31DE-4EF5-9180-08F182ED06A1}.Debug|x64.ActiveCfg = Debug|Any CPU
		{641CC482-31DE-4EF5-9180-08F182ED06A1}.Debug|x64.Build.0 = Debug|Any CPU
		{641CC482-31DE-4EF5-9180-08F182ED06A1}.Debug|x86.ActiveCfg = Debug|Any CPU
		{641CC482-31DE-4EF5-9180-08F182ED06A1}.Debug|x86.Build.0 = Debug|Any CPU
		{641CC482-31DE-4EF5-9180-08F182ED06A1}.Release|Any CPU.ActiveCfg = Release|Any CPU
		{641CC482-31DE-4EF5-9180-08F182ED06A1}.Release|Any CPU.Build.0 = Release|Any CPU
		{641CC482-31DE-4EF5-9180-08F182ED06A1}.Release|x64.ActiveCfg = Release|Any CPU
		{641CC482-31DE-4EF5-9180-08F182ED06A1}.Release|x64.Build.0 = Release|Any CPU
		{641CC482-31DE-4EF5-9180-08F182ED06A1}.Release|x86.ActiveCfg = Release|Any CPU
		{641CC482-31DE-4EF5-9180-08F182ED06A1}.Release|x86.Build.0 = Release|Any CPU
		{E210782C-094B-495A-B4B3-EE0C8A6AFE08}.Debug|Any CPU.ActiveCfg = Debug|Any CPU
		{E210782C-094B-495A-B4B3-EE0C8A6AFE08}.Debug|Any CPU.Build.0 = Debug|Any CPU
		{E210782C-094B-495A-B4B3-EE0C8A6AFE08}.Debug|x64.ActiveCfg = Debug|Any CPU
		{E210782C-094B-495A-B4B3-EE0C8A6AFE08}.Debug|x64.Build.0 = Debug|Any CPU
		{E210782C-094B-495A-B4B3-EE0C8A6AFE08}.Debug|x86.ActiveCfg = Debug|Any CPU
		{E210782C-094B-495A-B4B3-EE0C8A6AFE08}.Debug|x86.Build.0 = Debug|Any CPU
		{E210782C-094B-495A-B4B3-EE0C8A6AFE08}.Release|Any CPU.ActiveCfg = Release|Any CPU
		{E210782C-094B-495A-B4B3-EE0C8A6AFE08}.Release|Any CPU.Build.0 = Release|Any CPU
		{E210782C-094B-495A-B4B3-EE0C8A6AFE08}.Release|x64.ActiveCfg = Release|Any CPU
		{E210782C-094B-495A-B4B3-EE0C8A6AFE08}.Release|x64.Build.0 = Release|Any CPU
		{E210782C-094B-495A-B4B3-EE0C8A6AFE08}.Release|x86.ActiveCfg = Release|Any CPU
		{E210782C-094B-495A-B4B3-EE0C8A6AFE08}.Release|x86.Build.0 = Release|Any CPU
		{D1D66E81-1A61-40AA-A322-02B175EC8B27}.Debug|Any CPU.ActiveCfg = Debug|Any CPU
		{D1D66E81-1A61-40AA-A322-02B175EC8B27}.Debug|Any CPU.Build.0 = Debug|Any CPU
		{D1D66E81-1A61-40AA-A322-02B175EC8B27}.Debug|x64.ActiveCfg = Debug|Any CPU
		{D1D66E81-1A61-40AA-A322-02B175EC8B27}.Debug|x64.Build.0 = Debug|Any CPU
		{D1D66E81-1A61-40AA-A322-02B175EC8B27}.Debug|x86.ActiveCfg = Debug|Any CPU
		{D1D66E81-1A61-40AA-A322-02B175EC8B27}.Debug|x86.Build.0 = Debug|Any CPU
		{D1D66E81-1A61-40AA-A322-02B175EC8B27}.Release|Any CPU.ActiveCfg = Release|Any CPU
		{D1D66E81-1A61-40AA-A322-02B175EC8B27}.Release|Any CPU.Build.0 = Release|Any CPU
		{D1D66E81-1A61-40AA-A322-02B175EC8B27}.Release|x64.ActiveCfg = Release|Any CPU
		{D1D66E81-1A61-40AA-A322-02B175EC8B27}.Release|x64.Build.0 = Release|Any CPU
		{D1D66E81-1A61-40AA-A322-02B175EC8B27}.Release|x86.ActiveCfg = Release|Any CPU
		{D1D66E81-1A61-40AA-A322-02B175EC8B27}.Release|x86.Build.0 = Release|Any CPU
		{8C95DFA7-FDD0-45AC-AF3D-3E5DBC520207}.Debug|Any CPU.ActiveCfg = Debug|Any CPU
		{8C95DFA7-FDD0-45AC-AF3D-3E5DBC520207}.Debug|Any CPU.Build.0 = Debug|Any CPU
		{8C95DFA7-FDD0-45AC-AF3D-3E5DBC520207}.Debug|x64.ActiveCfg = Debug|Any CPU
		{8C95DFA7-FDD0-45AC-AF3D-3E5DBC520207}.Debug|x64.Build.0 = Debug|Any CPU
		{8C95DFA7-FDD0-45AC-AF3D-3E5DBC520207}.Debug|x86.ActiveCfg = Debug|Any CPU
		{8C95DFA7-FDD0-45AC-AF3D-3E5DBC520207}.Debug|x86.Build.0 = Debug|Any CPU
		{8C95DFA7-FDD0-45AC-AF3D-3E5DBC520207}.Release|Any CPU.ActiveCfg = Release|Any CPU
		{8C95DFA7-FDD0-45AC-AF3D-3E5DBC520207}.Release|Any CPU.Build.0 = Release|Any CPU
		{8C95DFA7-FDD0-45AC-AF3D-3E5DBC520207}.Release|x64.ActiveCfg = Release|Any CPU
		{8C95DFA7-FDD0-45AC-AF3D-3E5DBC520207}.Release|x64.Build.0 = Release|Any CPU
		{8C95DFA7-FDD0-45AC-AF3D-3E5DBC520207}.Release|x86.ActiveCfg = Release|Any CPU
		{8C95DFA7-FDD0-45AC-AF3D-3E5DBC520207}.Release|x86.Build.0 = Release|Any CPU
		{6B39FF44-8113-4B37-958E-16B28242556D}.Debug|Any CPU.ActiveCfg = Debug|Any CPU
		{6B39FF44-8113-4B37-958E-16B28242556D}.Debug|Any CPU.Build.0 = Debug|Any CPU
		{6B39FF44-8113-4B37-958E-16B28242556D}.Debug|x64.ActiveCfg = Debug|Any CPU
		{6B39FF44-8113-4B37-958E-16B28242556D}.Debug|x64.Build.0 = Debug|Any CPU
		{6B39FF44-8113-4B37-958E-16B28242556D}.Debug|x86.ActiveCfg = Debug|Any CPU
		{6B39FF44-8113-4B37-958E-16B28242556D}.Debug|x86.Build.0 = Debug|Any CPU
		{6B39FF44-8113-4B37-958E-16B28242556D}.Release|Any CPU.ActiveCfg = Release|Any CPU
		{6B39FF44-8113-4B37-958E-16B28242556D}.Release|Any CPU.Build.0 = Release|Any CPU
		{6B39FF44-8113-4B37-958E-16B28242556D}.Release|x64.ActiveCfg = Release|Any CPU
		{6B39FF44-8113-4B37-958E-16B28242556D}.Release|x64.Build.0 = Release|Any CPU
		{6B39FF44-8113-4B37-958E-16B28242556D}.Release|x86.ActiveCfg = Release|Any CPU
		{6B39FF44-8113-4B37-958E-16B28242556D}.Release|x86.Build.0 = Release|Any CPU
		{C1A4564E-D284-439D-8278-E405CF93E988}.Debug|Any CPU.ActiveCfg = Debug|Any CPU
		{C1A4564E-D284-439D-8278-E405CF93E988}.Debug|Any CPU.Build.0 = Debug|Any CPU
		{C1A4564E-D284-439D-8278-E405CF93E988}.Debug|x64.ActiveCfg = Debug|Any CPU
		{C1A4564E-D284-439D-8278-E405CF93E988}.Debug|x64.Build.0 = Debug|Any CPU
		{C1A4564E-D284-439D-8278-E405CF93E988}.Debug|x86.ActiveCfg = Debug|Any CPU
		{C1A4564E-D284-439D-8278-E405CF93E988}.Debug|x86.Build.0 = Debug|Any CPU
		{C1A4564E-D284-439D-8278-E405CF93E988}.Release|Any CPU.ActiveCfg = Release|Any CPU
		{C1A4564E-D284-439D-8278-E405CF93E988}.Release|Any CPU.Build.0 = Release|Any CPU
		{C1A4564E-D284-439D-8278-E405CF93E988}.Release|x64.ActiveCfg = Release|Any CPU
		{C1A4564E-D284-439D-8278-E405CF93E988}.Release|x64.Build.0 = Release|Any CPU
		{C1A4564E-D284-439D-8278-E405CF93E988}.Release|x86.ActiveCfg = Release|Any CPU
		{C1A4564E-D284-439D-8278-E405CF93E988}.Release|x86.Build.0 = Release|Any CPU
	EndGlobalSection
	GlobalSection(SolutionProperties) = preSolution
		HideSolutionNode = FALSE
	EndGlobalSection
	GlobalSection(NestedProjects) = preSolution
		{62BAFEEA-3BAF-4199-8FB4-FF168889C92B} = {827E0CD3-B72D-47B6-A68D-7590B98EB39B}
		{641CC482-31DE-4EF5-9180-08F182ED06A1} = {827E0CD3-B72D-47B6-A68D-7590B98EB39B}
		{E210782C-094B-495A-B4B3-EE0C8A6AFE08} = {827E0CD3-B72D-47B6-A68D-7590B98EB39B}
		{D1D66E81-1A61-40AA-A322-02B175EC8B27} = {827E0CD3-B72D-47B6-A68D-7590B98EB39B}
		{8C95DFA7-FDD0-45AC-AF3D-3E5DBC520207} = {0AB3BF05-4346-4AA6-1389-037BE0695223}
		{6B39FF44-8113-4B37-958E-16B28242556D} = {0AB3BF05-4346-4AA6-1389-037BE0695223}
		{C1A4564E-D284-439D-8278-E405CF93E988} = {0AB3BF05-4346-4AA6-1389-037BE0695223}
	EndGlobalSection
EndGlobal
